
Microsoft Visual Studio Solution File, Format Version 12.00
# Visual Studio Version 17
VisualStudioVersion = 17.9.34701.34
MinimumVisualStudioVersion = 10.0.40219.1
Project("{9A19103F-16F7-4668-BE54-9A1E7A4F7556}") = "Introduction", "Introduction_ch1\Introduction.csproj", "{4C0231D1-76D5-4B19-822D-D26C3B8CBE56}"
EndProject
Project("{9A19103F-16F7-4668-BE54-9A1E7A4F7556}") = "LanguageBasics", "LanguageBasics_ch2\LanguageBasics.csproj", "{1B6C58EF-7CC0-4F79-BCE9-D69F2275D966}"
EndProject
Project("{9A19103F-16F7-4668-BE54-9A1E7A4F7556}") = "Widget1", "Widget1\Widget1.csproj", "{BF91CE02-EC5D-45A5-B003-4285EA03D177}"
EndProject
Project("{9A19103F-16F7-4668-BE54-9A1E7A4F7556}") = "Widget2", "Widget2\Widget2.csproj", "{A34170D5-B8BA-4595-A880-A07EE605EE82}"
EndProject
Project("{9A19103F-16F7-4668-BE54-9A1E7A4F7556}") = "CreatingTypes", "CreatingTypes_ch3\CreatingTypes.csproj", "{ED74B566-F144-4699-B549-69B1896B9F6C}"
EndProject
Project("{9A19103F-16F7-4668-BE54-9A1E7A4F7556}") = "Advanced", "Advanced_ch4\Advanced.csproj", "{86CABAE4-26AC-4FC2-94CA-9A3ACFF8600E}"
EndProject
Project("{9A19103F-16F7-4668-BE54-9A1E7A4F7556}") = "Fundamentals", "Fundamentals_ch6\Fundamentals.csproj", "{578A2B19-43BD-46BE-9A79-50482393D073}"
EndProject
Project("{9A19103F-16F7-4668-BE54-9A1E7A4F7556}") = "Collections", "Collections_ch7\Collections.csproj", "{2FF6F86C-FD3A-4281-A1A7-91A0CEF2876C}"
EndProject
Project("{FAE04EC0-301F-11D3-BF4B-00C04F79EFBC}") = "LinqQueries", "LinqQueries_ch8\LinqQueries.csproj", "{F8FA6057-C02B-4331-8F74-950DB6D7AA00}"
EndProject
Global
	GlobalSection(SolutionConfigurationPlatforms) = preSolution
		Debug|Any CPU = Debug|Any CPU
		Release|Any CPU = Release|Any CPU
	EndGlobalSection
	GlobalSection(ProjectConfigurationPlatforms) = postSolution
		{4C0231D1-76D5-4B19-822D-D26C3B8CBE56}.Debug|Any CPU.ActiveCfg = Debug|Any CPU
		{4C0231D1-76D5-4B19-822D-D26C3B8CBE56}.Debug|Any CPU.Build.0 = Debug|Any CPU
		{4C0231D1-76D5-4B19-822D-D26C3B8CBE56}.Release|Any CPU.ActiveCfg = Release|Any CPU
		{4C0231D1-76D5-4B19-822D-D26C3B8CBE56}.Release|Any CPU.Build.0 = Release|Any CPU
		{1B6C58EF-7CC0-4F79-BCE9-D69F2275D966}.Debug|Any CPU.ActiveCfg = Debug|Any CPU
		{1B6C58EF-7CC0-4F79-BCE9-D69F2275D966}.Debug|Any CPU.Build.0 = Debug|Any CPU
		{1B6C58EF-7CC0-4F79-BCE9-D69F2275D966}.Release|Any CPU.ActiveCfg = Release|Any CPU
		{1B6C58EF-7CC0-4F79-BCE9-D69F2275D966}.Release|Any CPU.Build.0 = Release|Any CPU
		{BF91CE02-EC5D-45A5-B003-4285EA03D177}.Debug|Any CPU.ActiveCfg = Debug|Any CPU
		{BF91CE02-EC5D-45A5-B003-4285EA03D177}.Debug|Any CPU.Build.0 = Debug|Any CPU
		{BF91CE02-EC5D-45A5-B003-4285EA03D177}.Release|Any CPU.ActiveCfg = Release|Any CPU
		{BF91CE02-EC5D-45A5-B003-4285EA03D177}.Release|Any CPU.Build.0 = Release|Any CPU
		{A34170D5-B8BA-4595-A880-A07EE605EE82}.Debug|Any CPU.ActiveCfg = Debug|Any CPU
		{A34170D5-B8BA-4595-A880-A07EE605EE82}.Debug|Any CPU.Build.0 = Debug|Any CPU
		{A34170D5-B8BA-4595-A880-A07EE605EE82}.Release|Any CPU.ActiveCfg = Release|Any CPU
		{A34170D5-B8BA-4595-A880-A07EE605EE82}.Release|Any CPU.Build.0 = Release|Any CPU
		{ED74B566-F144-4699-B549-69B1896B9F6C}.Debug|Any CPU.ActiveCfg = Debug|Any CPU
		{ED74B566-F144-4699-B549-69B1896B9F6C}.Debug|Any CPU.Build.0 = Debug|Any CPU
		{ED74B566-F144-4699-B549-69B1896B9F6C}.Release|Any CPU.ActiveCfg = Release|Any CPU
		{ED74B566-F144-4699-B549-69B1896B9F6C}.Release|Any CPU.Build.0 = Release|Any CPU
		{86CABAE4-26AC-4FC2-94CA-9A3ACFF8600E}.Debug|Any CPU.ActiveCfg = Debug|Any CPU
		{86CABAE4-26AC-4FC2-94CA-9A3ACFF8600E}.Debug|Any CPU.Build.0 = Debug|Any CPU
		{86CABAE4-26AC-4FC2-94CA-9A3ACFF8600E}.Release|Any CPU.ActiveCfg = Release|Any CPU
		{86CABAE4-26AC-4FC2-94CA-9A3ACFF8600E}.Release|Any CPU.Build.0 = Release|Any CPU
		{578A2B19-43BD-46BE-9A79-50482393D073}.Debug|Any CPU.ActiveCfg = Debug|Any CPU
		{578A2B19-43BD-46BE-9A79-50482393D073}.Debug|Any CPU.Build.0 = Debug|Any CPU
		{578A2B19-43BD-46BE-9A79-50482393D073}.Release|Any CPU.ActiveCfg = Release|Any CPU
		{578A2B19-43BD-46BE-9A79-50482393D073}.Release|Any CPU.Build.0 = Release|Any CPU
		{2FF6F86C-FD3A-4281-A1A7-91A0CEF2876C}.Debug|Any CPU.ActiveCfg = Debug|Any CPU
		{2FF6F86C-FD3A-4281-A1A7-91A0CEF2876C}.Debug|Any CPU.Build.0 = Debug|Any CPU
		{2FF6F86C-FD3A-4281-A1A7-91A0CEF2876C}.Release|Any CPU.ActiveCfg = Release|Any CPU
		{2FF6F86C-FD3A-4281-A1A7-91A0CEF2876C}.Release|Any CPU.Build.0 = Release|Any CPU
		{F8FA6057-C02B-4331-8F74-950DB6D7AA00}.Debug|Any CPU.ActiveCfg = Debug|Any CPU
		{F8FA6057-C02B-4331-8F74-950DB6D7AA00}.Debug|Any CPU.Build.0 = Debug|Any CPU
		{F8FA6057-C02B-4331-8F74-950DB6D7AA00}.Release|Any CPU.ActiveCfg = Release|Any CPU
		{F8FA6057-C02B-4331-8F74-950DB6D7AA00}.Release|Any CPU.Build.0 = Release|Any CPU
	EndGlobalSection
	GlobalSection(SolutionProperties) = preSolution
		HideSolutionNode = FALSE
	EndGlobalSection
	GlobalSection(ExtensibilityGlobals) = postSolution
		SolutionGuid = {95F99A9C-DD20-4D0D-94B9-C783BD9B162B}
	EndGlobalSection
EndGlobal
