
Microsoft Visual Studio Solution File, Format Version 12.00
# Visual Studio Version 17
VisualStudioVersion = 17.9.34701.34
MinimumVisualStudioVersion = 10.0.40219.1
Project("{9A19103F-16F7-4668-BE54-9A1E7A4F7556}") = "Introduction_ch1", "CoreProgramming\Introduction_ch1\Introduction_ch1.csproj", "{4C0231D1-76D5-4B19-822D-D26C3B8CBE56}"
EndProject
Project("{9A19103F-16F7-4668-BE54-9A1E7A4F7556}") = "LanguageBasics_ch2", "CoreProgramming\LanguageBasics_ch2\LanguageBasics_ch2.csproj", "{1B6C58EF-7CC0-4F79-BCE9-D69F2275D966}"
EndProject
Project("{9A19103F-16F7-4668-BE54-9A1E7A4F7556}") = "Widget1", "CoreProgramming\Widget1\Widget1.csproj", "{BF91CE02-EC5D-45A5-B003-4285EA03D177}"
EndProject
Project("{9A19103F-16F7-4668-BE54-9A1E7A4F7556}") = "Widget2", "CoreProgramming\Widget2\Widget2.csproj", "{A34170D5-B8BA-4595-A880-A07EE605EE82}"
EndProject
Project("{9A19103F-16F7-4668-BE54-9A1E7A4F7556}") = "CreatingTypes_ch3", "CoreProgramming\CreatingTypes_ch3\CreatingTypes_ch3.csproj", "{ED74B566-F144-4699-B549-69B1896B9F6C}"
EndProject
Project("{9A19103F-16F7-4668-BE54-9A1E7A4F7556}") = "Advanced_ch4", "CoreProgramming\Advanced_ch4\Advanced_ch4.csproj", "{86CABAE4-26AC-4FC2-94CA-9A3ACFF8600E}"
EndProject
Project("{9A19103F-16F7-4668-BE54-9A1E7A4F7556}") = "Fundamentals_ch6", "CoreProgramming\Fundamentals_ch6\Fundamentals_ch6.csproj", "{578A2B19-43BD-46BE-9A79-50482393D073}"
EndProject
Project("{9A19103F-16F7-4668-BE54-9A1E7A4F7556}") = "Collections_ch7", "CoreProgramming\Collections_ch7\Collections_ch7.csproj", "{2FF6F86C-FD3A-4281-A1A7-91A0CEF2876C}"
EndProject
Project("{9A19103F-16F7-4668-BE54-9A1E7A4F7556}") = "LinqQueries_ch8", "CoreProgramming\LinqQueries_ch8\LinqQueries_ch8.csproj", "{F8FA6057-C02B-4331-8F74-950DB6D7AA00}"
EndProject
Project("{9A19103F-16F7-4668-BE54-9A1E7A4F7556}") = "LinqToXML_ch10", "CoreProgramming\LinqToXML_ch10\LinqToXML_ch10.csproj", "{ED633413-AA13-4EF0-992D-C6B8A4463745}"
EndProject
Project("{2150E333-8FDC-42A3-9474-1A3956D46DE8}") = "CoreProgramming", "CoreProgramming", "{8DAB395A-3E6D-4ABC-A867-F3B8C0C5A235}"
EndProject
Project("{2150E333-8FDC-42A3-9474-1A3956D46DE8}") = "ApiDevelopment", "ApiDevelopment", "{DF955B9D-BFF5-4EC9-9DB4-C8CE583CE462}"
EndProject
Project("{2150E333-8FDC-42A3-9474-1A3956D46DE8}") = "DataAndSqlManagement", "DataAndSqlManagement", "{43BCC41E-6362-435A-9F37-8A96289D0C96}"
EndProject
Project("{2150E333-8FDC-42A3-9474-1A3956D46DE8}") = "AdvancedTopics", "AdvancedTopics", "{C0FA8EE9-5FAC-4270-AACA-85E32DF00A3C}"
EndProject
Project("{2150E333-8FDC-42A3-9474-1A3956D46DE8}") = "Solution Items", "Solution Items", "{29B16667-FBB9-4F60-B361-970468E6A702}"
	ProjectSection(SolutionItems) = preProject
		roadmap.txt = roadmap.txt
	EndProjectSection
EndProject
Project("{9A19103F-16F7-4668-BE54-9A1E7A4F7556}") = "OtherXmlJsonTechnologies_ch11", "CoreProgramming\OtherXmlJsonTechnologies_ch11\OtherXmlJsonTechnologies_ch11.csproj", "{9DA6A850-4828-4BE1-BD1C-BE4EE8483967}"
EndProject
Project("{9A19103F-16F7-4668-BE54-9A1E7A4F7556}") = "Disposal_GarbageCollection_ch12", "CoreProgramming\Disposal_GarbageCollection_ch12\Disposal_GarbageCollection_ch12.csproj", "{264B3CEA-1B9B-4D7D-A801-67749E9EBBD3}"
EndProject
Project("{9A19103F-16F7-4668-BE54-9A1E7A4F7556}") = "ConcurrencyAndAsynchrony_ch14", "CoreProgramming\ConcurrencyAndAsynchrony_ch14\ConcurrencyAndAsynchrony_ch14.csproj", "{1D5644E0-4D5C-4396-A5DB-22EEBC8A964E}"
EndProject
Project("{9A19103F-16F7-4668-BE54-9A1E7A4F7556}") = "Docker_Containers", "AdvancedTopics\Docker_Containers\Docker_Containers.csproj", "{F9513E2F-F2E5-42F7-A594-C45CDB2C847B}"
EndProject
Project("{9A19103F-16F7-4668-BE54-9A1E7A4F7556}") = "StreamArchitecture_ch15", "CoreProgramming\StreamArchitecture_ch15\StreamArchitecture_ch15.csproj", "{A44B4563-39BE-41E0-8CCB-B7CC5301817E}"
EndProject
Project("{2150E333-8FDC-42A3-9474-1A3956D46DE8}") = "DSA", "DSA", "{FA75F69C-9927-43EB-8B94-5E02A85BFB94}"
EndProject
Project("{9A19103F-16F7-4668-BE54-9A1E7A4F7556}") = "Array_ch1", "DSA\Array_ch1\Array_ch1.csproj", "{F13E401A-C661-4C31-8752-8D5ACB0C6F88}"
EndProject
Project("{2150E333-8FDC-42A3-9474-1A3956D46DE8}") = "TestingAndDebugging", "TestingAndDebugging", "{9340722F-42C4-4B51-BA0E-88394DD85E51}"
EndProject
Project("{9A19103F-16F7-4668-BE54-9A1E7A4F7556}") = "UnitTesting", "TestingAndDebugging\UnitTesting\UnitTesting.csproj", "{0ABF0F5A-E28C-4340-984C-361FA5A3139A}"
EndProject
Project("{2150E333-8FDC-42A3-9474-1A3956D46DE8}") = "Tests", "Tests", "{CC216D62-4387-46F0-8DB1-674147EBF243}"
EndProject
Project("{9A19103F-16F7-4668-BE54-9A1E7A4F7556}") = "xUnitTestProject", "Tests\xUnitTestProject\xUnitTestProject.csproj", "{53689606-A280-48A8-B111-88BFD4C7C80F}"
EndProject
Project("{FAE04EC0-301F-11D3-BF4B-00C04F79EFBC}") = "Networking_ch16", "CoreProgramming\Networking_ch16\Networking_ch16.csproj", "{863E09FA-A162-4286-8495-BCB4310161CA}"
EndProject
Global
	GlobalSection(SolutionConfigurationPlatforms) = preSolution
		Debug|Any CPU = Debug|Any CPU
		Release|Any CPU = Release|Any CPU
	EndGlobalSection
	GlobalSection(ProjectConfigurationPlatforms) = postSolution
		{4C0231D1-76D5-4B19-822D-D26C3B8CBE56}.Debug|Any CPU.ActiveCfg = Debug|Any CPU
		{4C0231D1-76D5-4B19-822D-D26C3B8CBE56}.Debug|Any CPU.Build.0 = Debug|Any CPU
		{4C0231D1-76D5-4B19-822D-D26C3B8CBE56}.Release|Any CPU.ActiveCfg = Release|Any CPU
		{4C0231D1-76D5-4B19-822D-D26C3B8CBE56}.Release|Any CPU.Build.0 = Release|Any CPU
		{1B6C58EF-7CC0-4F79-BCE9-D69F2275D966}.Debug|Any CPU.ActiveCfg = Debug|Any CPU
		{1B6C58EF-7CC0-4F79-BCE9-D69F2275D966}.Debug|Any CPU.Build.0 = Debug|Any CPU
		{1B6C58EF-7CC0-4F79-BCE9-D69F2275D966}.Release|Any CPU.ActiveCfg = Release|Any CPU
		{1B6C58EF-7CC0-4F79-BCE9-D69F2275D966}.Release|Any CPU.Build.0 = Release|Any CPU
		{BF91CE02-EC5D-45A5-B003-4285EA03D177}.Debug|Any CPU.ActiveCfg = Debug|Any CPU
		{BF91CE02-EC5D-45A5-B003-4285EA03D177}.Debug|Any CPU.Build.0 = Debug|Any CPU
		{BF91CE02-EC5D-45A5-B003-4285EA03D177}.Release|Any CPU.ActiveCfg = Release|Any CPU
		{BF91CE02-EC5D-45A5-B003-4285EA03D177}.Release|Any CPU.Build.0 = Release|Any CPU
		{A34170D5-B8BA-4595-A880-A07EE605EE82}.Debug|Any CPU.ActiveCfg = Debug|Any CPU
		{A34170D5-B8BA-4595-A880-A07EE605EE82}.Debug|Any CPU.Build.0 = Debug|Any CPU
		{A34170D5-B8BA-4595-A880-A07EE605EE82}.Release|Any CPU.ActiveCfg = Release|Any CPU
		{A34170D5-B8BA-4595-A880-A07EE605EE82}.Release|Any CPU.Build.0 = Release|Any CPU
		{ED74B566-F144-4699-B549-69B1896B9F6C}.Debug|Any CPU.ActiveCfg = Debug|Any CPU
		{ED74B566-F144-4699-B549-69B1896B9F6C}.Debug|Any CPU.Build.0 = Debug|Any CPU
		{ED74B566-F144-4699-B549-69B1896B9F6C}.Release|Any CPU.ActiveCfg = Release|Any CPU
		{ED74B566-F144-4699-B549-69B1896B9F6C}.Release|Any CPU.Build.0 = Release|Any CPU
		{86CABAE4-26AC-4FC2-94CA-9A3ACFF8600E}.Debug|Any CPU.ActiveCfg = Debug|Any CPU
		{86CABAE4-26AC-4FC2-94CA-9A3ACFF8600E}.Debug|Any CPU.Build.0 = Debug|Any CPU
		{86CABAE4-26AC-4FC2-94CA-9A3ACFF8600E}.Release|Any CPU.ActiveCfg = Release|Any CPU
		{86CABAE4-26AC-4FC2-94CA-9A3ACFF8600E}.Release|Any CPU.Build.0 = Release|Any CPU
		{578A2B19-43BD-46BE-9A79-50482393D073}.Debug|Any CPU.ActiveCfg = Debug|Any CPU
		{578A2B19-43BD-46BE-9A79-50482393D073}.Debug|Any CPU.Build.0 = Debug|Any CPU
		{578A2B19-43BD-46BE-9A79-50482393D073}.Release|Any CPU.ActiveCfg = Release|Any CPU
		{578A2B19-43BD-46BE-9A79-50482393D073}.Release|Any CPU.Build.0 = Release|Any CPU
		{2FF6F86C-FD3A-4281-A1A7-91A0CEF2876C}.Debug|Any CPU.ActiveCfg = Debug|Any CPU
		{2FF6F86C-FD3A-4281-A1A7-91A0CEF2876C}.Debug|Any CPU.Build.0 = Debug|Any CPU
		{2FF6F86C-FD3A-4281-A1A7-91A0CEF2876C}.Release|Any CPU.ActiveCfg = Release|Any CPU
		{2FF6F86C-FD3A-4281-A1A7-91A0CEF2876C}.Release|Any CPU.Build.0 = Release|Any CPU
		{F8FA6057-C02B-4331-8F74-950DB6D7AA00}.Debug|Any CPU.ActiveCfg = Debug|Any CPU
		{F8FA6057-C02B-4331-8F74-950DB6D7AA00}.Debug|Any CPU.Build.0 = Debug|Any CPU
		{F8FA6057-C02B-4331-8F74-950DB6D7AA00}.Release|Any CPU.ActiveCfg = Release|Any CPU
		{F8FA6057-C02B-4331-8F74-950DB6D7AA00}.Release|Any CPU.Build.0 = Release|Any CPU
		{ED633413-AA13-4EF0-992D-C6B8A4463745}.Debug|Any CPU.ActiveCfg = Debug|Any CPU
		{ED633413-AA13-4EF0-992D-C6B8A4463745}.Debug|Any CPU.Build.0 = Debug|Any CPU
		{ED633413-AA13-4EF0-992D-C6B8A4463745}.Release|Any CPU.ActiveCfg = Release|Any CPU
		{ED633413-AA13-4EF0-992D-C6B8A4463745}.Release|Any CPU.Build.0 = Release|Any CPU
		{9DA6A850-4828-4BE1-BD1C-BE4EE8483967}.Debug|Any CPU.ActiveCfg = Debug|Any CPU
		{9DA6A850-4828-4BE1-BD1C-BE4EE8483967}.Debug|Any CPU.Build.0 = Debug|Any CPU
		{9DA6A850-4828-4BE1-BD1C-BE4EE8483967}.Release|Any CPU.ActiveCfg = Release|Any CPU
		{9DA6A850-4828-4BE1-BD1C-BE4EE8483967}.Release|Any CPU.Build.0 = Release|Any CPU
		{264B3CEA-1B9B-4D7D-A801-67749E9EBBD3}.Debug|Any CPU.ActiveCfg = Debug|Any CPU
		{264B3CEA-1B9B-4D7D-A801-67749E9EBBD3}.Debug|Any CPU.Build.0 = Debug|Any CPU
		{264B3CEA-1B9B-4D7D-A801-67749E9EBBD3}.Release|Any CPU.ActiveCfg = Release|Any CPU
		{264B3CEA-1B9B-4D7D-A801-67749E9EBBD3}.Release|Any CPU.Build.0 = Release|Any CPU
		{1D5644E0-4D5C-4396-A5DB-22EEBC8A964E}.Debug|Any CPU.ActiveCfg = Debug|Any CPU
		{1D5644E0-4D5C-4396-A5DB-22EEBC8A964E}.Debug|Any CPU.Build.0 = Debug|Any CPU
		{1D5644E0-4D5C-4396-A5DB-22EEBC8A964E}.Release|Any CPU.ActiveCfg = Release|Any CPU
		{1D5644E0-4D5C-4396-A5DB-22EEBC8A964E}.Release|Any CPU.Build.0 = Release|Any CPU
		{F9513E2F-F2E5-42F7-A594-C45CDB2C847B}.Debug|Any CPU.ActiveCfg = Debug|Any CPU
		{F9513E2F-F2E5-42F7-A594-C45CDB2C847B}.Debug|Any CPU.Build.0 = Debug|Any CPU
		{F9513E2F-F2E5-42F7-A594-C45CDB2C847B}.Release|Any CPU.ActiveCfg = Release|Any CPU
		{F9513E2F-F2E5-42F7-A594-C45CDB2C847B}.Release|Any CPU.Build.0 = Release|Any CPU
		{A44B4563-39BE-41E0-8CCB-B7CC5301817E}.Debug|Any CPU.ActiveCfg = Debug|Any CPU
		{A44B4563-39BE-41E0-8CCB-B7CC5301817E}.Debug|Any CPU.Build.0 = Debug|Any CPU
		{A44B4563-39BE-41E0-8CCB-B7CC5301817E}.Release|Any CPU.ActiveCfg = Release|Any CPU
		{A44B4563-39BE-41E0-8CCB-B7CC5301817E}.Release|Any CPU.Build.0 = Release|Any CPU
		{F13E401A-C661-4C31-8752-8D5ACB0C6F88}.Debug|Any CPU.ActiveCfg = Debug|Any CPU
		{F13E401A-C661-4C31-8752-8D5ACB0C6F88}.Debug|Any CPU.Build.0 = Debug|Any CPU
		{F13E401A-C661-4C31-8752-8D5ACB0C6F88}.Release|Any CPU.ActiveCfg = Release|Any CPU
		{F13E401A-C661-4C31-8752-8D5ACB0C6F88}.Release|Any CPU.Build.0 = Release|Any CPU
		{0ABF0F5A-E28C-4340-984C-361FA5A3139A}.Debug|Any CPU.ActiveCfg = Debug|Any CPU
		{0ABF0F5A-E28C-4340-984C-361FA5A3139A}.Debug|Any CPU.Build.0 = Debug|Any CPU
		{0ABF0F5A-E28C-4340-984C-361FA5A3139A}.Release|Any CPU.ActiveCfg = Release|Any CPU
		{0ABF0F5A-E28C-4340-984C-361FA5A3139A}.Release|Any CPU.Build.0 = Release|Any CPU
		{53689606-A280-48A8-B111-88BFD4C7C80F}.Debug|Any CPU.ActiveCfg = Debug|Any CPU
		{53689606-A280-48A8-B111-88BFD4C7C80F}.Debug|Any CPU.Build.0 = Debug|Any CPU
		{53689606-A280-48A8-B111-88BFD4C7C80F}.Release|Any CPU.ActiveCfg = Release|Any CPU
		{53689606-A280-48A8-B111-88BFD4C7C80F}.Release|Any CPU.Build.0 = Release|Any CPU
		{863E09FA-A162-4286-8495-BCB4310161CA}.Debug|Any CPU.ActiveCfg = Debug|Any CPU
		{863E09FA-A162-4286-8495-BCB4310161CA}.Debug|Any CPU.Build.0 = Debug|Any CPU
		{863E09FA-A162-4286-8495-BCB4310161CA}.Release|Any CPU.ActiveCfg = Release|Any CPU
		{863E09FA-A162-4286-8495-BCB4310161CA}.Release|Any CPU.Build.0 = Release|Any CPU
	EndGlobalSection
	GlobalSection(SolutionProperties) = preSolution
		HideSolutionNode = FALSE
	EndGlobalSection
	GlobalSection(NestedProjects) = preSolution
		{4C0231D1-76D5-4B19-822D-D26C3B8CBE56} = {8DAB395A-3E6D-4ABC-A867-F3B8C0C5A235}
		{1B6C58EF-7CC0-4F79-BCE9-D69F2275D966} = {8DAB395A-3E6D-4ABC-A867-F3B8C0C5A235}
		{BF91CE02-EC5D-45A5-B003-4285EA03D177} = {8DAB395A-3E6D-4ABC-A867-F3B8C0C5A235}
		{A34170D5-B8BA-4595-A880-A07EE605EE82} = {8DAB395A-3E6D-4ABC-A867-F3B8C0C5A235}
		{ED74B566-F144-4699-B549-69B1896B9F6C} = {8DAB395A-3E6D-4ABC-A867-F3B8C0C5A235}
		{86CABAE4-26AC-4FC2-94CA-9A3ACFF8600E} = {8DAB395A-3E6D-4ABC-A867-F3B8C0C5A235}
		{578A2B19-43BD-46BE-9A79-50482393D073} = {8DAB395A-3E6D-4ABC-A867-F3B8C0C5A235}
		{2FF6F86C-FD3A-4281-A1A7-91A0CEF2876C} = {8DAB395A-3E6D-4ABC-A867-F3B8C0C5A235}
		{F8FA6057-C02B-4331-8F74-950DB6D7AA00} = {8DAB395A-3E6D-4ABC-A867-F3B8C0C5A235}
		{ED633413-AA13-4EF0-992D-C6B8A4463745} = {8DAB395A-3E6D-4ABC-A867-F3B8C0C5A235}
		{9DA6A850-4828-4BE1-BD1C-BE4EE8483967} = {8DAB395A-3E6D-4ABC-A867-F3B8C0C5A235}
		{264B3CEA-1B9B-4D7D-A801-67749E9EBBD3} = {8DAB395A-3E6D-4ABC-A867-F3B8C0C5A235}
		{1D5644E0-4D5C-4396-A5DB-22EEBC8A964E} = {8DAB395A-3E6D-4ABC-A867-F3B8C0C5A235}
		{F9513E2F-F2E5-42F7-A594-C45CDB2C847B} = {C0FA8EE9-5FAC-4270-AACA-85E32DF00A3C}
		{A44B4563-39BE-41E0-8CCB-B7CC5301817E} = {8DAB395A-3E6D-4ABC-A867-F3B8C0C5A235}
		{F13E401A-C661-4C31-8752-8D5ACB0C6F88} = {FA75F69C-9927-43EB-8B94-5E02A85BFB94}
		{0ABF0F5A-E28C-4340-984C-361FA5A3139A} = {9340722F-42C4-4B51-BA0E-88394DD85E51}
		{53689606-A280-48A8-B111-88BFD4C7C80F} = {CC216D62-4387-46F0-8DB1-674147EBF243}
		{863E09FA-A162-4286-8495-BCB4310161CA} = {8DAB395A-3E6D-4ABC-A867-F3B8C0C5A235}
	EndGlobalSection
	GlobalSection(ExtensibilityGlobals) = postSolution
		SolutionGuid = {95F99A9C-DD20-4D0D-94B9-C783BD9B162B}
	EndGlobalSection
EndGlobal
